
Microsoft Visual Studio Solution File, Format Version 12.00
# Visual Studio Version 17
VisualStudioVersion = 17.0.32014.148
MinimumVisualStudioVersion = 10.0.40219.1
Project("{9A19103F-16F7-4668-BE54-9A1E7A4F7556}") = "IPD.Web", "IPD.Web\IPD.Web.csproj", "{997656B1-AAA9-4D3F-A498-DB28D0091359}"
EndProject
Project("{2150E333-8FDC-42A3-9474-1A3956D46DE8}") = "IPD.Application", "IPD.Application", "{830C709E-EFD2-4302-A29B-8E80DDCEE45B}"
EndProject
Project("{2150E333-8FDC-42A3-9474-1A3956D46DE8}") = "IPD.Business", "IPD.Business", "{AF2E5599-53D8-48DD-B585-02575AE06D89}"
EndProject
Project("{2150E333-8FDC-42A3-9474-1A3956D46DE8}") = "IPD.Data", "IPD.Data", "{5889D1C2-04F7-4773-B044-DC524BE79390}"
EndProject
Project("{9A19103F-16F7-4668-BE54-9A1E7A4F7556}") = "IPD.Api", "IPD.Api\IPD.Api.csproj", "{7FA00E95-C09A-463B-8674-BB7890A0589F}"
EndProject
Project("{9A19103F-16F7-4668-BE54-9A1E7A4F7556}") = "IPD.Domain", "IPD.Domain\IPD.Domain.csproj", "{12590FAA-935D-47FD-8673-718478F24562}"
EndProject
Project("{9A19103F-16F7-4668-BE54-9A1E7A4F7556}") = "IPD.Infrastructure", "IPD.Infrastructure\IPD.Infrastructure.csproj", "{FD5B5FA2-E082-4759-AFE9-455C62643EC2}"
EndProject
Project("{9A19103F-16F7-4668-BE54-9A1E7A4F7556}") = "IPD.Infrastructure.Sql", "IPD.Infrastructure.Sql\IPD.Infrastructure.Sql.csproj", "{72AADFF0-36B8-4522-9721-E2F68C79E2F2}"
EndProject
Project("{2150E333-8FDC-42A3-9474-1A3956D46DE8}") = "IPD.Admin", "IPD.Admin", "{241E13B2-86A1-48F3-94CC-9DAB54B8D69A}"
EndProject
Project("{9A19103F-16F7-4668-BE54-9A1E7A4F7556}") = "IPD.Admin", "CMIS.IPD.Admin\IPD.Admin.csproj", "{1ACB8452-E666-4676-B8CC-81939719D516}"
EndProject
Global
	GlobalSection(SolutionConfigurationPlatforms) = preSolution
		Debug|Any CPU = Debug|Any CPU
		Release|Any CPU = Release|Any CPU
	EndGlobalSection
	GlobalSection(ProjectConfigurationPlatforms) = postSolution
		{997656B1-AAA9-4D3F-A498-DB28D0091359}.Debug|Any CPU.ActiveCfg = Debug|Any CPU
		{997656B1-AAA9-4D3F-A498-DB28D0091359}.Debug|Any CPU.Build.0 = Debug|Any CPU
		{997656B1-AAA9-4D3F-A498-DB28D0091359}.Release|Any CPU.ActiveCfg = Release|Any CPU
		{997656B1-AAA9-4D3F-A498-DB28D0091359}.Release|Any CPU.Build.0 = Release|Any CPU
		{7FA00E95-C09A-463B-8674-BB7890A0589F}.Debug|Any CPU.ActiveCfg = Debug|Any CPU
		{7FA00E95-C09A-463B-8674-BB7890A0589F}.Debug|Any CPU.Build.0 = Debug|Any CPU
		{7FA00E95-C09A-463B-8674-BB7890A0589F}.Release|Any CPU.ActiveCfg = Release|Any CPU
		{7FA00E95-C09A-463B-8674-BB7890A0589F}.Release|Any CPU.Build.0 = Release|Any CPU
		{12590FAA-935D-47FD-8673-718478F24562}.Debug|Any CPU.ActiveCfg = Debug|Any CPU
		{12590FAA-935D-47FD-8673-718478F24562}.Debug|Any CPU.Build.0 = Debug|Any CPU
		{12590FAA-935D-47FD-8673-718478F24562}.Release|Any CPU.ActiveCfg = Release|Any CPU
		{12590FAA-935D-47FD-8673-718478F24562}.Release|Any CPU.Build.0 = Release|Any CPU
		{FD5B5FA2-E082-4759-AFE9-455C62643EC2}.Debug|Any CPU.ActiveCfg = Debug|Any CPU
		{FD5B5FA2-E082-4759-AFE9-455C62643EC2}.Debug|Any CPU.Build.0 = Debug|Any CPU
		{FD5B5FA2-E082-4759-AFE9-455C62643EC2}.Release|Any CPU.ActiveCfg = Release|Any CPU
		{FD5B5FA2-E082-4759-AFE9-455C62643EC2}.Release|Any CPU.Build.0 = Release|Any CPU
		{72AADFF0-36B8-4522-9721-E2F68C79E2F2}.Debug|Any CPU.ActiveCfg = Debug|Any CPU
		{72AADFF0-36B8-4522-9721-E2F68C79E2F2}.Debug|Any CPU.Build.0 = Debug|Any CPU
		{72AADFF0-36B8-4522-9721-E2F68C79E2F2}.Release|Any CPU.ActiveCfg = Release|Any CPU
		{72AADFF0-36B8-4522-9721-E2F68C79E2F2}.Release|Any CPU.Build.0 = Release|Any CPU
		{1ACB8452-E666-4676-B8CC-81939719D516}.Debug|Any CPU.ActiveCfg = Debug|Any CPU
		{1ACB8452-E666-4676-B8CC-81939719D516}.Debug|Any CPU.Build.0 = Debug|Any CPU
		{1ACB8452-E666-4676-B8CC-81939719D516}.Release|Any CPU.ActiveCfg = Release|Any CPU
		{1ACB8452-E666-4676-B8CC-81939719D516}.Release|Any CPU.Build.0 = Release|Any CPU
	EndGlobalSection
	GlobalSection(SolutionProperties) = preSolution
		HideSolutionNode = FALSE
	EndGlobalSection
	GlobalSection(NestedProjects) = preSolution
		{997656B1-AAA9-4D3F-A498-DB28D0091359} = {830C709E-EFD2-4302-A29B-8E80DDCEE45B}
		{7FA00E95-C09A-463B-8674-BB7890A0589F} = {AF2E5599-53D8-48DD-B585-02575AE06D89}
		{12590FAA-935D-47FD-8673-718478F24562} = {AF2E5599-53D8-48DD-B585-02575AE06D89}
		{FD5B5FA2-E082-4759-AFE9-455C62643EC2} = {5889D1C2-04F7-4773-B044-DC524BE79390}
		{72AADFF0-36B8-4522-9721-E2F68C79E2F2} = {5889D1C2-04F7-4773-B044-DC524BE79390}
		{1ACB8452-E666-4676-B8CC-81939719D516} = {241E13B2-86A1-48F3-94CC-9DAB54B8D69A}
	EndGlobalSection
	GlobalSection(ExtensibilityGlobals) = postSolution
		SolutionGuid = {46F94AA2-08C3-4EFC-93D7-703B7C05C599}
	EndGlobalSection
EndGlobal
